{
  "version": "0.0.0",
  "lockfileVersion": 1,
  "requires": true,
  "dependencies": {
    "@types/jquery": {
      "version": "3.5.9",
      "resolved": "https://registry.npmmirror.com/@types/jquery/download/@types/jquery-3.5.9.tgz",
      "integrity": "sha512-B8pDk+sH/tSv/HKdx6EQER6BfUOb2GtKs0LOmozziS4h7cbe8u/eYySfUAeTwD+J09SqV3man7AMWIA5mgzCBA==",
      "dev": true,
      "requires": {
        "@types/sizzle": "*"
      }
    },
    "@types/sizzle": {
      "version": "2.3.3",
      "resolved": "https://registry.npmmirror.com/@types/sizzle/download/@types/sizzle-2.3.3.tgz",
      "integrity": "sha1-/14vGQKWnTBSJaBHyKD9XJFc6+8=",
      "dev": true
    },
    "clipboard": {
      "version": "2.0.8",
      "resolved": "https://registry.npm.taobao.org/clipboard/download/clipboard-2.0.8.tgz?cache=0&sync_timestamp=1615409953598&other_urls=https%3A%2F%2Fregistry.npm.taobao.org%2Fclipboard%2Fdownload%2Fclipboard-2.0.8.tgz",
      "integrity": "sha1-/8bBA90pZ6gwBfP2GXaqRlWkzbo=",
      "requires": {
        "good-listener": "^1.2.2",
        "select": "^1.1.2",
        "tiny-emitter": "^2.0.0"
      }
    },
    "delegate": {
      "version": "3.2.0",
      "resolved": "https://registry.nlark.com/delegate/download/delegate-3.2.0.tgz",
      "integrity": "sha1-tmtxwxWFIuirV0T3INjKDCr1kWY="
    },
    "good-listener": {
      "version": "1.2.2",
      "resolved": "https://registry.npm.taobao.org/good-listener/download/good-listener-1.2.2.tgz",
      "integrity": "sha1-1TswzfkxPf+33JoNR3CWqm0UXFA=",
      "requires": {
        "delegate": "^3.1.2"
      }
    },
    "jquery": {
      "version": "3.6.0",
      "resolved": "https://registry.npm.taobao.org/jquery/download/jquery-3.6.0.tgz",
      "integrity": "sha1-xyoJ8Vwb3OFC9J2/EXC9+K2sJHA="
    },
    "select": {
      "version": "1.1.2",
      "resolved": "https://registry.nlark.com/select/download/select-1.1.2.tgz",
      "integrity": "sha1-DnNQrN7ICxEIUoeG7B1EGNEbOW0="
    },
    "tiny-emitter": {
      "version": "2.1.0",
      "resolved": "https://registry.nlark.com/tiny-emitter/download/tiny-emitter-2.1.0.tgz",
      "integrity": "sha1-HRpW7fxRxD6GPLtTgqcjMONVVCM="
    }
  }
}
